
Microsoft Visual Studio Solution File, Format Version 12.00
# Visual Studio Version 17
VisualStudioVersion = 17.5.33424.131
MinimumVisualStudioVersion = 10.0.40219.1
Project("{9A19103F-16F7-4668-BE54-9A1E7A4F7556}") = "InMemoryCache", "InMemoryCache\InMemoryCache.csproj", "{169E7330-9E1B-47D1-B671-996D1E3F9E09}"
EndProject
Project("{FAE04EC0-301F-11D3-BF4B-00C04F79EFBC}") = "Distributed.Cache", "Distributed.Cache\Distributed.Cache.csproj", "{13DE2268-E2DB-4CB3-84C7-4230FD1C7F4C}"
EndProject
Global
	GlobalSection(SolutionConfigurationPlatforms) = preSolution
		Debug|Any CPU = Debug|Any CPU
		Release|Any CPU = Release|Any CPU
	EndGlobalSection
	GlobalSection(ProjectConfigurationPlatforms) = postSolution
		{169E7330-9E1B-47D1-B671-996D1E3F9E09}.Debug|Any CPU.ActiveCfg = Debug|Any CPU
		{169E7330-9E1B-47D1-B671-996D1E3F9E09}.Debug|Any CPU.Build.0 = Debug|Any CPU
		{169E7330-9E1B-47D1-B671-996D1E3F9E09}.Release|Any CPU.ActiveCfg = Release|Any CPU
		{169E7330-9E1B-47D1-B671-996D1E3F9E09}.Release|Any CPU.Build.0 = Release|Any CPU
		{13DE2268-E2DB-4CB3-84C7-4230FD1C7F4C}.Debug|Any CPU.ActiveCfg = Debug|Any CPU
		{13DE2268-E2DB-4CB3-84C7-4230FD1C7F4C}.Debug|Any CPU.Build.0 = Debug|Any CPU
		{13DE2268-E2DB-4CB3-84C7-4230FD1C7F4C}.Release|Any CPU.ActiveCfg = Release|Any CPU
		{13DE2268-E2DB-4CB3-84C7-4230FD1C7F4C}.Release|Any CPU.Build.0 = Release|Any CPU
	EndGlobalSection
	GlobalSection(SolutionProperties) = preSolution
		HideSolutionNode = FALSE
	EndGlobalSection
	GlobalSection(ExtensibilityGlobals) = postSolution
		SolutionGuid = {214BAE8D-9EF8-45B5-A563-4E17F6A67EA0}
	EndGlobalSection
EndGlobal
